uuid: 557ab1cc-f59e-4c84-9350-fc57bacc69ac
langcode: en
status: true
dependencies:
  module:
    - fullcalendar_block
    - system
    - user
  theme:
    - oliverolocal
id: oliverolocal_fullcalendarblock
theme: oliverolocal
region: content
weight: -5
provider: null
plugin: fullcalendar_block
settings:
  id: fullcalendar_block
  label: 'FullCalendar block'
  label_display: '0'
  provider: fullcalendar_block
  event_source: '/ce-calendar-block?_format=json'
  use_token: false
  initial_view: timeGridWeek
  header_start: 'prev,next today goToButton'
  header_center: title
  header_end: 'dayGridMonth,timeGridWeek,timeGridDay,listMonth'
  open_dialog: 1
  dialog_width: 800
  plugins: {  }
  advanced: |-
    progressiveEventRendering: true
    navLinks: true
  advanced_drupal: ''
visibility:
  request_path:
    id: request_path
    negate: false
    pages: "/ce-bookings-calendar\r\n/ped-update-booking\r\n/ped-online-course-booking-update\r\n/form/ped-multiple-update-booking"
  user_role:
    id: user_role
    negate: false
    context_mapping:
      user: '@user.current_user_context:current_user'
    roles:
      authenticated: authenticated
